{
  "version": 4,
  "terraform_version": "1.1.9",
  "serial": 5,
  "lineage": "33f3d72c-7ed0-31c8-9c55-70e42b6ef9f8",
  "outputs": {},
  "resources": [
    {
      "mode": "managed",
      "type": "azurerm_resource_group",
      "name": "emc-eus-corporate-resources-rg",
      "provider": "provider[\"registry.terraform.io/hashicorp/azurerm\"]",
      "instances": [
        {
          "schema_version": 0,
          "attributes": {
            "id": "/subscriptions/31e9c06e-6d3f-4485-836c-ff36c38135a3/resourceGroups/emc-eus-corporate-resources-rg",
            "location": "eastus",
            "name": "emc-eus-corporate-resources-rg",
            "tags": null,
            "timeouts": null
          },
          "sensitive_attributes": [],
          "private": "eyJlMmJmYjczMC1lY2FhLTExZTYtOGY4OC0zNDM2M2JjN2M0YzAiOnsiY3JlYXRlIjo1NDAwMDAwMDAwMDAwLCJkZWxldGUiOjU0MDAwMDAwMDAwMDAsInJlYWQiOjMwMDAwMDAwMDAwMCwidXBkYXRlIjo1NDAwMDAwMDAwMDAwfX0="
        }
      ]
    }
  ]
}
